
Microsoft Visual Studio Solution File, Format Version 12.00
# Visual Studio Version 17
VisualStudioVersion = 17.8.34322.80
MinimumVisualStudioVersion = 10.0.40219.1
Project("{FAE04EC0-301F-11D3-BF4B-00C04F79EFBC}") = "TexConvTest", "TexConvTest\TexConvTest.csproj", "{651A9F90-2BE9-4BB2-8D3F-9C4FDB8F0123}"
EndProject
Project("{2150E333-8FDC-42A3-9474-1A3956D46DE8}") = "TexConv", "TexConv", "{EED10FFD-8757-44EC-B409-2DD319F99B5D}"
EndProject
Project("{9A19103F-16F7-4668-BE54-9A1E7A4F7556}") = "DirectXTexNet", "TexConverter\DirectXTexNet\DirectXTexNet.csproj", "{AC82CF17-5DB3-4C21-8213-BB47F6AF9262}"
EndProject
Project("{8BC9CEB8-8B4A-11D0-8D11-00A0C91BC942}") = "DirectXTexNetImpl", "TexConverter\DirectXTexNetImpl\DirectXTexNetImpl.vcxproj", "{C92A44E6-5563-46A5-83A7-EB700EB75A8D}"
EndProject
Project("{8BC9CEB8-8B4A-11D0-8D11-00A0C91BC942}") = "DirectXTex", "TexConverter\DirectXTex\DirectXTex\DirectXTex_Desktop_2019.vcxproj", "{371B9FA9-4C90-4AC6-A123-ACED756D6C77}"
EndProject
Project("{FAE04EC0-301F-11D3-BF4B-00C04F79EFBC}") = "TexConverter", "TextConverter\TexConverter.csproj", "{23B760AA-7DC9-40A1-ADE3-DE928EF9A3F8}"
EndProject
Global
	GlobalSection(SolutionConfigurationPlatforms) = preSolution
		Debug|Any CPU = Debug|Any CPU
		Debug|x64 = Debug|x64
		Debug|x86 = Debug|x86
		Profile|Any CPU = Profile|Any CPU
		Profile|x64 = Profile|x64
		Profile|x86 = Profile|x86
		Release|Any CPU = Release|Any CPU
		Release|x64 = Release|x64
		Release|x86 = Release|x86
	EndGlobalSection
	GlobalSection(ProjectConfigurationPlatforms) = postSolution
		{651A9F90-2BE9-4BB2-8D3F-9C4FDB8F0123}.Debug|Any CPU.ActiveCfg = Debug|Any CPU
		{651A9F90-2BE9-4BB2-8D3F-9C4FDB8F0123}.Debug|Any CPU.Build.0 = Debug|Any CPU
		{651A9F90-2BE9-4BB2-8D3F-9C4FDB8F0123}.Debug|x64.ActiveCfg = Debug|Any CPU
		{651A9F90-2BE9-4BB2-8D3F-9C4FDB8F0123}.Debug|x64.Build.0 = Debug|Any CPU
		{651A9F90-2BE9-4BB2-8D3F-9C4FDB8F0123}.Debug|x86.ActiveCfg = Debug|Any CPU
		{651A9F90-2BE9-4BB2-8D3F-9C4FDB8F0123}.Debug|x86.Build.0 = Debug|Any CPU
		{651A9F90-2BE9-4BB2-8D3F-9C4FDB8F0123}.Profile|Any CPU.ActiveCfg = Debug|Any CPU
		{651A9F90-2BE9-4BB2-8D3F-9C4FDB8F0123}.Profile|Any CPU.Build.0 = Debug|Any CPU
		{651A9F90-2BE9-4BB2-8D3F-9C4FDB8F0123}.Profile|x64.ActiveCfg = Debug|Any CPU
		{651A9F90-2BE9-4BB2-8D3F-9C4FDB8F0123}.Profile|x64.Build.0 = Debug|Any CPU
		{651A9F90-2BE9-4BB2-8D3F-9C4FDB8F0123}.Profile|x86.ActiveCfg = Debug|Any CPU
		{651A9F90-2BE9-4BB2-8D3F-9C4FDB8F0123}.Profile|x86.Build.0 = Debug|Any CPU
		{651A9F90-2BE9-4BB2-8D3F-9C4FDB8F0123}.Release|Any CPU.ActiveCfg = Release|Any CPU
		{651A9F90-2BE9-4BB2-8D3F-9C4FDB8F0123}.Release|Any CPU.Build.0 = Release|Any CPU
		{651A9F90-2BE9-4BB2-8D3F-9C4FDB8F0123}.Release|x64.ActiveCfg = Release|Any CPU
		{651A9F90-2BE9-4BB2-8D3F-9C4FDB8F0123}.Release|x64.Build.0 = Release|Any CPU
		{651A9F90-2BE9-4BB2-8D3F-9C4FDB8F0123}.Release|x86.ActiveCfg = Release|Any CPU
		{651A9F90-2BE9-4BB2-8D3F-9C4FDB8F0123}.Release|x86.Build.0 = Release|Any CPU
		{AC82CF17-5DB3-4C21-8213-BB47F6AF9262}.Debug|Any CPU.ActiveCfg = Debug|Any CPU
		{AC82CF17-5DB3-4C21-8213-BB47F6AF9262}.Debug|Any CPU.Build.0 = Debug|Any CPU
		{AC82CF17-5DB3-4C21-8213-BB47F6AF9262}.Debug|x64.ActiveCfg = Debug|Any CPU
		{AC82CF17-5DB3-4C21-8213-BB47F6AF9262}.Debug|x64.Build.0 = Debug|Any CPU
		{AC82CF17-5DB3-4C21-8213-BB47F6AF9262}.Debug|x86.ActiveCfg = Debug|Any CPU
		{AC82CF17-5DB3-4C21-8213-BB47F6AF9262}.Debug|x86.Build.0 = Debug|Any CPU
		{AC82CF17-5DB3-4C21-8213-BB47F6AF9262}.Profile|Any CPU.ActiveCfg = Debug|Any CPU
		{AC82CF17-5DB3-4C21-8213-BB47F6AF9262}.Profile|Any CPU.Build.0 = Debug|Any CPU
		{AC82CF17-5DB3-4C21-8213-BB47F6AF9262}.Profile|x64.ActiveCfg = Debug|Any CPU
		{AC82CF17-5DB3-4C21-8213-BB47F6AF9262}.Profile|x64.Build.0 = Debug|Any CPU
		{AC82CF17-5DB3-4C21-8213-BB47F6AF9262}.Profile|x86.ActiveCfg = Debug|Any CPU
		{AC82CF17-5DB3-4C21-8213-BB47F6AF9262}.Profile|x86.Build.0 = Debug|Any CPU
		{AC82CF17-5DB3-4C21-8213-BB47F6AF9262}.Release|Any CPU.ActiveCfg = Release|Any CPU
		{AC82CF17-5DB3-4C21-8213-BB47F6AF9262}.Release|Any CPU.Build.0 = Release|Any CPU
		{AC82CF17-5DB3-4C21-8213-BB47F6AF9262}.Release|x64.ActiveCfg = Release|Any CPU
		{AC82CF17-5DB3-4C21-8213-BB47F6AF9262}.Release|x64.Build.0 = Release|Any CPU
		{AC82CF17-5DB3-4C21-8213-BB47F6AF9262}.Release|x86.ActiveCfg = Release|Any CPU
		{AC82CF17-5DB3-4C21-8213-BB47F6AF9262}.Release|x86.Build.0 = Release|Any CPU
		{C92A44E6-5563-46A5-83A7-EB700EB75A8D}.Debug|Any CPU.ActiveCfg = Debug|x64
		{C92A44E6-5563-46A5-83A7-EB700EB75A8D}.Debug|Any CPU.Build.0 = Debug|x64
		{C92A44E6-5563-46A5-83A7-EB700EB75A8D}.Debug|x64.ActiveCfg = Debug|x64
		{C92A44E6-5563-46A5-83A7-EB700EB75A8D}.Debug|x64.Build.0 = Debug|x64
		{C92A44E6-5563-46A5-83A7-EB700EB75A8D}.Debug|x86.ActiveCfg = Debug|Win32
		{C92A44E6-5563-46A5-83A7-EB700EB75A8D}.Debug|x86.Build.0 = Debug|Win32
		{C92A44E6-5563-46A5-83A7-EB700EB75A8D}.Profile|Any CPU.ActiveCfg = Debug|x64
		{C92A44E6-5563-46A5-83A7-EB700EB75A8D}.Profile|Any CPU.Build.0 = Debug|x64
		{C92A44E6-5563-46A5-83A7-EB700EB75A8D}.Profile|x64.ActiveCfg = Debug|x64
		{C92A44E6-5563-46A5-83A7-EB700EB75A8D}.Profile|x64.Build.0 = Debug|x64
		{C92A44E6-5563-46A5-83A7-EB700EB75A8D}.Profile|x86.ActiveCfg = Debug|Win32
		{C92A44E6-5563-46A5-83A7-EB700EB75A8D}.Profile|x86.Build.0 = Debug|Win32
		{C92A44E6-5563-46A5-83A7-EB700EB75A8D}.Release|Any CPU.ActiveCfg = Release|x64
		{C92A44E6-5563-46A5-83A7-EB700EB75A8D}.Release|Any CPU.Build.0 = Release|x64
		{C92A44E6-5563-46A5-83A7-EB700EB75A8D}.Release|x64.ActiveCfg = Release|x64
		{C92A44E6-5563-46A5-83A7-EB700EB75A8D}.Release|x64.Build.0 = Release|x64
		{C92A44E6-5563-46A5-83A7-EB700EB75A8D}.Release|x86.ActiveCfg = Release|Win32
		{C92A44E6-5563-46A5-83A7-EB700EB75A8D}.Release|x86.Build.0 = Release|Win32
		{371B9FA9-4C90-4AC6-A123-ACED756D6C77}.Debug|Any CPU.ActiveCfg = Debug|x64
		{371B9FA9-4C90-4AC6-A123-ACED756D6C77}.Debug|Any CPU.Build.0 = Debug|x64
		{371B9FA9-4C90-4AC6-A123-ACED756D6C77}.Debug|x64.ActiveCfg = Debug|x64
		{371B9FA9-4C90-4AC6-A123-ACED756D6C77}.Debug|x64.Build.0 = Debug|x64
		{371B9FA9-4C90-4AC6-A123-ACED756D6C77}.Debug|x86.ActiveCfg = Debug|Win32
		{371B9FA9-4C90-4AC6-A123-ACED756D6C77}.Debug|x86.Build.0 = Debug|Win32
		{371B9FA9-4C90-4AC6-A123-ACED756D6C77}.Profile|Any CPU.ActiveCfg = Profile|x64
		{371B9FA9-4C90-4AC6-A123-ACED756D6C77}.Profile|Any CPU.Build.0 = Profile|x64
		{371B9FA9-4C90-4AC6-A123-ACED756D6C77}.Profile|x64.ActiveCfg = Profile|x64
		{371B9FA9-4C90-4AC6-A123-ACED756D6C77}.Profile|x64.Build.0 = Profile|x64
		{371B9FA9-4C90-4AC6-A123-ACED756D6C77}.Profile|x86.ActiveCfg = Profile|Win32
		{371B9FA9-4C90-4AC6-A123-ACED756D6C77}.Profile|x86.Build.0 = Profile|Win32
		{371B9FA9-4C90-4AC6-A123-ACED756D6C77}.Release|Any CPU.ActiveCfg = Release|x64
		{371B9FA9-4C90-4AC6-A123-ACED756D6C77}.Release|Any CPU.Build.0 = Release|x64
		{371B9FA9-4C90-4AC6-A123-ACED756D6C77}.Release|x64.ActiveCfg = Release|x64
		{371B9FA9-4C90-4AC6-A123-ACED756D6C77}.Release|x64.Build.0 = Release|x64
		{371B9FA9-4C90-4AC6-A123-ACED756D6C77}.Release|x86.ActiveCfg = Release|Win32
		{371B9FA9-4C90-4AC6-A123-ACED756D6C77}.Release|x86.Build.0 = Release|Win32
		{23B760AA-7DC9-40A1-ADE3-DE928EF9A3F8}.Debug|Any CPU.ActiveCfg = Debug|Any CPU
		{23B760AA-7DC9-40A1-ADE3-DE928EF9A3F8}.Debug|Any CPU.Build.0 = Debug|Any CPU
		{23B760AA-7DC9-40A1-ADE3-DE928EF9A3F8}.Debug|x64.ActiveCfg = Debug|Any CPU
		{23B760AA-7DC9-40A1-ADE3-DE928EF9A3F8}.Debug|x64.Build.0 = Debug|Any CPU
		{23B760AA-7DC9-40A1-ADE3-DE928EF9A3F8}.Debug|x86.ActiveCfg = Debug|Any CPU
		{23B760AA-7DC9-40A1-ADE3-DE928EF9A3F8}.Debug|x86.Build.0 = Debug|Any CPU
		{23B760AA-7DC9-40A1-ADE3-DE928EF9A3F8}.Profile|Any CPU.ActiveCfg = Debug|Any CPU
		{23B760AA-7DC9-40A1-ADE3-DE928EF9A3F8}.Profile|Any CPU.Build.0 = Debug|Any CPU
		{23B760AA-7DC9-40A1-ADE3-DE928EF9A3F8}.Profile|x64.ActiveCfg = Debug|Any CPU
		{23B760AA-7DC9-40A1-ADE3-DE928EF9A3F8}.Profile|x64.Build.0 = Debug|Any CPU
		{23B760AA-7DC9-40A1-ADE3-DE928EF9A3F8}.Profile|x86.ActiveCfg = Debug|Any CPU
		{23B760AA-7DC9-40A1-ADE3-DE928EF9A3F8}.Profile|x86.Build.0 = Debug|Any CPU
		{23B760AA-7DC9-40A1-ADE3-DE928EF9A3F8}.Release|Any CPU.ActiveCfg = Release|Any CPU
		{23B760AA-7DC9-40A1-ADE3-DE928EF9A3F8}.Release|Any CPU.Build.0 = Release|Any CPU
		{23B760AA-7DC9-40A1-ADE3-DE928EF9A3F8}.Release|x64.ActiveCfg = Release|Any CPU
		{23B760AA-7DC9-40A1-ADE3-DE928EF9A3F8}.Release|x64.Build.0 = Release|Any CPU
		{23B760AA-7DC9-40A1-ADE3-DE928EF9A3F8}.Release|x86.ActiveCfg = Release|Any CPU
		{23B760AA-7DC9-40A1-ADE3-DE928EF9A3F8}.Release|x86.Build.0 = Release|Any CPU
	EndGlobalSection
	GlobalSection(SolutionProperties) = preSolution
		HideSolutionNode = FALSE
	EndGlobalSection
	GlobalSection(NestedProjects) = preSolution
		{AC82CF17-5DB3-4C21-8213-BB47F6AF9262} = {EED10FFD-8757-44EC-B409-2DD319F99B5D}
		{C92A44E6-5563-46A5-83A7-EB700EB75A8D} = {EED10FFD-8757-44EC-B409-2DD319F99B5D}
		{371B9FA9-4C90-4AC6-A123-ACED756D6C77} = {EED10FFD-8757-44EC-B409-2DD319F99B5D}
		{23B760AA-7DC9-40A1-ADE3-DE928EF9A3F8} = {EED10FFD-8757-44EC-B409-2DD319F99B5D}
	EndGlobalSection
	GlobalSection(ExtensibilityGlobals) = postSolution
		SolutionGuid = {5EC69AF5-1B6B-4AAD-ABE3-337A7B9B38DD}
	EndGlobalSection
EndGlobal
